
Microsoft Visual Studio Solution File, Format Version 12.00
# Visual Studio 2013
VisualStudioVersion = 12.0.31101.0
MinimumVisualStudioVersion = 10.0.40219.1
Project("{FAE04EC0-301F-11D3-BF4B-00C04F79EFBC}") = "Learnsign.Dominio", "LearnSign.Dominio\Learnsign.Dominio.csproj", "{ED9E27D3-1822-4C73-B1F7-64F475D8181C}"
EndProject
Project("{FAE04EC0-301F-11D3-BF4B-00C04F79EFBC}") = "Learnsign.Infraestructura", "Learnsign.Infraestructura\Learnsign.Infraestructura.csproj", "{1DB497E3-AD2E-4A44-90B2-2E516B3C16D0}"
EndProject
Project("{FAE04EC0-301F-11D3-BF4B-00C04F79EFBC}") = "LearnSign.Prueba", "LearnSign.Prueba\LearnSign.Prueba.csproj", "{D2B17D87-2368-47DB-905C-BB6E9FB625B4}"
EndProject
Project("{FAE04EC0-301F-11D3-BF4B-00C04F79EFBC}") = "Learnsign.Help", "Learnsign.Help\Learnsign.Help.csproj", "{C68102EC-A5BF-4252-B3BE-FE5E755F54E4}"
EndProject
Global
	GlobalSection(SolutionConfigurationPlatforms) = preSolution
		Debug|Any CPU = Debug|Any CPU
		Release|Any CPU = Release|Any CPU
	EndGlobalSection
	GlobalSection(ProjectConfigurationPlatforms) = postSolution
		{ED9E27D3-1822-4C73-B1F7-64F475D8181C}.Debug|Any CPU.ActiveCfg = Debug|Any CPU
		{ED9E27D3-1822-4C73-B1F7-64F475D8181C}.Debug|Any CPU.Build.0 = Debug|Any CPU
		{ED9E27D3-1822-4C73-B1F7-64F475D8181C}.Release|Any CPU.ActiveCfg = Release|Any CPU
		{ED9E27D3-1822-4C73-B1F7-64F475D8181C}.Release|Any CPU.Build.0 = Release|Any CPU
		{1DB497E3-AD2E-4A44-90B2-2E516B3C16D0}.Debug|Any CPU.ActiveCfg = Debug|Any CPU
		{1DB497E3-AD2E-4A44-90B2-2E516B3C16D0}.Debug|Any CPU.Build.0 = Debug|Any CPU
		{1DB497E3-AD2E-4A44-90B2-2E516B3C16D0}.Release|Any CPU.ActiveCfg = Release|Any CPU
		{1DB497E3-AD2E-4A44-90B2-2E516B3C16D0}.Release|Any CPU.Build.0 = Release|Any CPU
		{D2B17D87-2368-47DB-905C-BB6E9FB625B4}.Debug|Any CPU.ActiveCfg = Debug|Any CPU
		{D2B17D87-2368-47DB-905C-BB6E9FB625B4}.Debug|Any CPU.Build.0 = Debug|Any CPU
		{D2B17D87-2368-47DB-905C-BB6E9FB625B4}.Release|Any CPU.ActiveCfg = Release|Any CPU
		{D2B17D87-2368-47DB-905C-BB6E9FB625B4}.Release|Any CPU.Build.0 = Release|Any CPU
		{C68102EC-A5BF-4252-B3BE-FE5E755F54E4}.Debug|Any CPU.ActiveCfg = Debug|Any CPU
		{C68102EC-A5BF-4252-B3BE-FE5E755F54E4}.Debug|Any CPU.Build.0 = Debug|Any CPU
		{C68102EC-A5BF-4252-B3BE-FE5E755F54E4}.Release|Any CPU.ActiveCfg = Release|Any CPU
		{C68102EC-A5BF-4252-B3BE-FE5E755F54E4}.Release|Any CPU.Build.0 = Release|Any CPU
	EndGlobalSection
	GlobalSection(SolutionProperties) = preSolution
		HideSolutionNode = FALSE
	EndGlobalSection
EndGlobal
